hash: 8850fe3d14a03b56dc92f150714d320a765070a05776e8f82998204646062b3a
updated: 2016-04-29T10:26:18.644823546-06:00
imports:
- name: github.com/mitchellh/mapstructure
  version: 740c764bc6149d3f1806231418adb9f52c11bcbf
- name: github.com/onsi/ginkgo
  version: 3bafcec253f65271566c4d05cb3e3f3b1a6cb2d1
- name: github.com/onsi/gomega
  version: 930b4522e0d3027320b5d56f8a375796f2e376e5
devImports: []
